
Microsoft Visual Studio Solution File, Format Version 12.00
# Visual Studio Version 17
VisualStudioVersion = 17.8.34316.72
MinimumVisualStudioVersion = 10.0.40219.1
Project("{FAE04EC0-301F-11D3-BF4B-00C04F79EFBC}") = "5.2", "5.2\5.2.csproj", "{A802A8D6-4D82-4EB5-8709-5530E8676FE9}"
EndProject
Global
	GlobalSection(SolutionConfigurationPlatforms) = preSolution
		Debug|Any CPU = Debug|Any CPU
		Release|Any CPU = Release|Any CPU
	EndGlobalSection
	GlobalSection(ProjectConfigurationPlatforms) = postSolution
		{A802A8D6-4D82-4EB5-8709-5530E8676FE9}.Debug|Any CPU.ActiveCfg = Debug|Any CPU
		{A802A8D6-4D82-4EB5-8709-5530E8676FE9}.Debug|Any CPU.Build.0 = Debug|Any CPU
		{A802A8D6-4D82-4EB5-8709-5530E8676FE9}.Release|Any CPU.ActiveCfg = Release|Any CPU
		{A802A8D6-4D82-4EB5-8709-5530E8676FE9}.Release|Any CPU.Build.0 = Release|Any CPU
	EndGlobalSection
	GlobalSection(SolutionProperties) = preSolution
		HideSolutionNode = FALSE
	EndGlobalSection
	GlobalSection(ExtensibilityGlobals) = postSolution
		SolutionGuid = {6129F4CE-C409-423C-BA1A-EF04F0F5FD1E}
	EndGlobalSection
EndGlobal
